
Microsoft Visual Studio Solution File, Format Version 12.00
# Visual Studio Version 17
VisualStudioVersion = 17.0.32112.339
MinimumVisualStudioVersion = 10.0.40219.1
Project("{FAE04EC0-301F-11D3-BF4B-00C04F79EFBC}") = "Petsani", "Petsani\Petsani.csproj", "{67CE91C0-5431-446D-AE27-C6D443D039BA}"
EndProject
Global
	GlobalSection(SolutionConfigurationPlatforms) = preSolution
		Debug|Any CPU = Debug|Any CPU
		Release|Any CPU = Release|Any CPU
	EndGlobalSection
	GlobalSection(ProjectConfigurationPlatforms) = postSolution
		{67CE91C0-5431-446D-AE27-C6D443D039BA}.Debug|Any CPU.ActiveCfg = Debug|Any CPU
		{67CE91C0-5431-446D-AE27-C6D443D039BA}.Debug|Any CPU.Build.0 = Debug|Any CPU
		{67CE91C0-5431-446D-AE27-C6D443D039BA}.Release|Any CPU.ActiveCfg = Release|Any CPU
		{67CE91C0-5431-446D-AE27-C6D443D039BA}.Release|Any CPU.Build.0 = Release|Any CPU
	EndGlobalSection
	GlobalSection(SolutionProperties) = preSolution
		HideSolutionNode = FALSE
	EndGlobalSection
	GlobalSection(ExtensibilityGlobals) = postSolution
		SolutionGuid = {146C77B2-C347-4794-A454-EE3A146B3387}
	EndGlobalSection
EndGlobal
